
Microsoft Visual Studio Solution File, Format Version 12.00
Project("{FAE04EC0-301F-11D3-BF4B-00C04F79EFBC}") = "BelleVillePrototype.AppHost", "BelleVillePrototype\BelleVillePrototype.AppHost\BelleVillePrototype.AppHost.csproj", "{5929611A-327B-488A-AECC-F086C14793AD}"
EndProject
Project("{FAE04EC0-301F-11D3-BF4B-00C04F79EFBC}") = "BelleVillePrototype.ServiceDefaults", "BelleVillePrototype\BelleVillePrototype.ServiceDefaults\BelleVillePrototype.ServiceDefaults.csproj", "{83F3C1AA-7F55-4D1C-BA1B-19EFB322E6BF}"
EndProject
Project("{FAE04EC0-301F-11D3-BF4B-00C04F79EFBC}") = "BelleVillePrototype.ApiService", "BelleVillePrototype\BelleVillePrototype.ApiService\BelleVillePrototype.ApiService.csproj", "{5235329F-9FFE-4932-8309-555D152F3D9D}"
EndProject
Project("{FAE04EC0-301F-11D3-BF4B-00C04F79EFBC}") = "BelleVillePrototype.Web", "BelleVillePrototype\BelleVillePrototype.Web\BelleVillePrototype.Web.csproj", "{B5187FB5-51F7-41D5-AC15-44DCAF57EA25}"
EndProject
Global
	GlobalSection(SolutionConfigurationPlatforms) = preSolution
		Debug|Any CPU = Debug|Any CPU
		Release|Any CPU = Release|Any CPU
	EndGlobalSection
	GlobalSection(ProjectConfigurationPlatforms) = postSolution
		{5929611A-327B-488A-AECC-F086C14793AD}.Debug|Any CPU.ActiveCfg = Debug|Any CPU
		{5929611A-327B-488A-AECC-F086C14793AD}.Debug|Any CPU.Build.0 = Debug|Any CPU
		{5929611A-327B-488A-AECC-F086C14793AD}.Release|Any CPU.ActiveCfg = Release|Any CPU
		{5929611A-327B-488A-AECC-F086C14793AD}.Release|Any CPU.Build.0 = Release|Any CPU
		{83F3C1AA-7F55-4D1C-BA1B-19EFB322E6BF}.Debug|Any CPU.ActiveCfg = Debug|Any CPU
		{83F3C1AA-7F55-4D1C-BA1B-19EFB322E6BF}.Debug|Any CPU.Build.0 = Debug|Any CPU
		{83F3C1AA-7F55-4D1C-BA1B-19EFB322E6BF}.Release|Any CPU.ActiveCfg = Release|Any CPU
		{83F3C1AA-7F55-4D1C-BA1B-19EFB322E6BF}.Release|Any CPU.Build.0 = Release|Any CPU
		{5235329F-9FFE-4932-8309-555D152F3D9D}.Debug|Any CPU.ActiveCfg = Debug|Any CPU
		{5235329F-9FFE-4932-8309-555D152F3D9D}.Debug|Any CPU.Build.0 = Debug|Any CPU
		{5235329F-9FFE-4932-8309-555D152F3D9D}.Release|Any CPU.ActiveCfg = Release|Any CPU
		{5235329F-9FFE-4932-8309-555D152F3D9D}.Release|Any CPU.Build.0 = Release|Any CPU
		{B5187FB5-51F7-41D5-AC15-44DCAF57EA25}.Debug|Any CPU.ActiveCfg = Debug|Any CPU
		{B5187FB5-51F7-41D5-AC15-44DCAF57EA25}.Debug|Any CPU.Build.0 = Debug|Any CPU
		{B5187FB5-51F7-41D5-AC15-44DCAF57EA25}.Release|Any CPU.ActiveCfg = Release|Any CPU
		{B5187FB5-51F7-41D5-AC15-44DCAF57EA25}.Release|Any CPU.Build.0 = Release|Any CPU
	EndGlobalSection
EndGlobal
